
Microsoft Visual Studio Solution File, Format Version 12.00
# Visual Studio Version 17
VisualStudioVersion = 17.0.31903.59
MinimumVisualStudioVersion = 10.0.40219.1
Project("{FAE04EC0-301F-11D3-BF4B-00C04F79EFBC}") = "Todo.Model", "Todo.Model\Todo.Model.csproj", "{FEA17085-7620-413D-8F35-E3BC203BA66C}"
EndProject
Project("{FAE04EC0-301F-11D3-BF4B-00C04F79EFBC}") = "Todo.View", "Todo.View\Todo.View.csproj", "{33C42DBD-3D79-47E9-9871-D2B8C659AE0B}"
EndProject
Project("{FAE04EC0-301F-11D3-BF4B-00C04F79EFBC}") = "Todo.Controller", "Todo.Controller\Todo.Controller.csproj", "{348434C2-3387-4F18-84A7-EBF8459AF96E}"
EndProject
Project("{FAE04EC0-301F-11D3-BF4B-00C04F79EFBC}") = "Todo.DataAccess", "Todo.DataAccess\Todo.DataAccess.csproj", "{E8CBFA16-8602-48D5-BEF9-365835F1183B}"
EndProject
Project("{FAE04EC0-301F-11D3-BF4B-00C04F79EFBC}") = "Todo.Test", "Todo.Test\Todo.Test.csproj", "{F6EBC59A-AC2C-4FA7-BA55-D139D30223DC}"
EndProject
Global
	GlobalSection(SolutionConfigurationPlatforms) = preSolution
		Debug|Any CPU = Debug|Any CPU
		Release|Any CPU = Release|Any CPU
	EndGlobalSection
	GlobalSection(SolutionProperties) = preSolution
		HideSolutionNode = FALSE
	EndGlobalSection
	GlobalSection(ProjectConfigurationPlatforms) = postSolution
		{FEA17085-7620-413D-8F35-E3BC203BA66C}.Debug|Any CPU.ActiveCfg = Debug|Any CPU
		{FEA17085-7620-413D-8F35-E3BC203BA66C}.Debug|Any CPU.Build.0 = Debug|Any CPU
		{FEA17085-7620-413D-8F35-E3BC203BA66C}.Release|Any CPU.ActiveCfg = Release|Any CPU
		{FEA17085-7620-413D-8F35-E3BC203BA66C}.Release|Any CPU.Build.0 = Release|Any CPU
		{33C42DBD-3D79-47E9-9871-D2B8C659AE0B}.Debug|Any CPU.ActiveCfg = Debug|Any CPU
		{33C42DBD-3D79-47E9-9871-D2B8C659AE0B}.Debug|Any CPU.Build.0 = Debug|Any CPU
		{33C42DBD-3D79-47E9-9871-D2B8C659AE0B}.Release|Any CPU.ActiveCfg = Release|Any CPU
		{33C42DBD-3D79-47E9-9871-D2B8C659AE0B}.Release|Any CPU.Build.0 = Release|Any CPU
		{348434C2-3387-4F18-84A7-EBF8459AF96E}.Debug|Any CPU.ActiveCfg = Debug|Any CPU
		{348434C2-3387-4F18-84A7-EBF8459AF96E}.Debug|Any CPU.Build.0 = Debug|Any CPU
		{348434C2-3387-4F18-84A7-EBF8459AF96E}.Release|Any CPU.ActiveCfg = Release|Any CPU
		{348434C2-3387-4F18-84A7-EBF8459AF96E}.Release|Any CPU.Build.0 = Release|Any CPU
		{E8CBFA16-8602-48D5-BEF9-365835F1183B}.Debug|Any CPU.ActiveCfg = Debug|Any CPU
		{E8CBFA16-8602-48D5-BEF9-365835F1183B}.Debug|Any CPU.Build.0 = Debug|Any CPU
		{E8CBFA16-8602-48D5-BEF9-365835F1183B}.Release|Any CPU.ActiveCfg = Release|Any CPU
		{E8CBFA16-8602-48D5-BEF9-365835F1183B}.Release|Any CPU.Build.0 = Release|Any CPU
		{F6EBC59A-AC2C-4FA7-BA55-D139D30223DC}.Debug|Any CPU.ActiveCfg = Debug|Any CPU
		{F6EBC59A-AC2C-4FA7-BA55-D139D30223DC}.Debug|Any CPU.Build.0 = Debug|Any CPU
		{F6EBC59A-AC2C-4FA7-BA55-D139D30223DC}.Release|Any CPU.ActiveCfg = Release|Any CPU
		{F6EBC59A-AC2C-4FA7-BA55-D139D30223DC}.Release|Any CPU.Build.0 = Release|Any CPU
	EndGlobalSection
EndGlobal
